
Microsoft Visual Studio Solution File, Format Version 12.00
# Visual Studio Version 17
VisualStudioVersion = 17.6.33723.286
MinimumVisualStudioVersion = 10.0.40219.1
Project("{FAE04EC0-301F-11D3-BF4B-00C04F79EFBC}") = "Day2", "Day2.csproj", "{95F982C9-1020-44BA-A72D-DC5AF3C47693}"
EndProject
Global
	GlobalSection(SolutionConfigurationPlatforms) = preSolution
		Debug|Any CPU = Debug|Any CPU
		Release|Any CPU = Release|Any CPU
	EndGlobalSection
	GlobalSection(ProjectConfigurationPlatforms) = postSolution
		{95F982C9-1020-44BA-A72D-DC5AF3C47693}.Debug|Any CPU.ActiveCfg = Debug|Any CPU
		{95F982C9-1020-44BA-A72D-DC5AF3C47693}.Debug|Any CPU.Build.0 = Debug|Any CPU
		{95F982C9-1020-44BA-A72D-DC5AF3C47693}.Release|Any CPU.ActiveCfg = Release|Any CPU
		{95F982C9-1020-44BA-A72D-DC5AF3C47693}.Release|Any CPU.Build.0 = Release|Any CPU
	EndGlobalSection
	GlobalSection(SolutionProperties) = preSolution
		HideSolutionNode = FALSE
	EndGlobalSection
	GlobalSection(ExtensibilityGlobals) = postSolution
		SolutionGuid = {195E4EE5-C59D-442F-8E01-8D2C839112BB}
	EndGlobalSection
EndGlobal
